// !$*UTF8*$!
{
	archiveVersion = 1;
	classes = {
	};
	objectVersion = 46;
	objects = {

/* Begin PBXBuildFile section */
		77ABEA8D42BCBC4DBF483B86 /* Pods_ProtobufDemo.framework in Frameworks */ = {isa = PBXBuildFile; fileRef = 5E795C9C87FC4C13D0E32EC9 /* Pods_ProtobufDemo.framework */; };
		97726ADA1EF9482C0067BC23 /* AppDelegate.swift in Sources */ = {isa = PBXBuildFile; fileRef = 97726AD91EF9482C0067BC23 /* AppDelegate.swift */; };
		97726ADC1EF9482C0067BC23 /* ViewController.swift in Sources */ = {isa = PBXBuildFile; fileRef = 97726ADB1EF9482C0067BC23 /* ViewController.swift */; };
		97726ADF1EF9482C0067BC23 /* Main.storyboard in Resources */ = {isa = PBXBuildFile; fileRef = 97726ADD1EF9482C0067BC23 /* Main.storyboard */; };
		97726AE11EF9482C0067BC23 /* Assets.xcassets in Resources */ = {isa = PBXBuildFile; fileRef = 97726AE01EF9482C0067BC23 /* Assets.xcassets */; };
		97726AE41EF9482C0067BC23 /* LaunchScreen.storyboard in Resources */ = {isa = PBXBuildFile; fileRef = 97726AE21EF9482C0067BC23 /* LaunchScreen.storyboard */; };
		97B97D9E1EF98CB000929877 /* Cards.proto in Resources */ = {isa = PBXBuildFile; fileRef = 97B97D9D1EF98CB000929877 /* Cards.proto */; };
		97B97DA01EF98E5200929877 /* Cards.pb.swift in Sources */ = {isa = PBXBuildFile; fileRef = 97B97D9F1EF98E5200929877 /* Cards.pb.swift */; };
/* End PBXBuildFile section */

/* Begin PBXFileReference section */
		5E795C9C87FC4C13D0E32EC9 /* Pods_ProtobufDemo.framework */ = {isa = PBXFileReference; explicitFileType = wrapper.framework; includeInIndex = 0; path = Pods_ProtobufDemo.framework; sourceTree = BUILT_PRODUCTS_DIR; };
		97726AD61EF9482C0067BC23 /* ProtobufDemo.app */ = {isa = PBXFileReference; explicitFileType = wrapper.application; includeInIndex = 0; path = ProtobufDemo.app; sourceTree = BUILT_PRODUCTS_DIR; };
		97726AD91EF9482C0067BC23 /* AppDelegate.swift */ = {isa = PBXFileReference; lastKnownFileType = sourcecode.swift; path = AppDelegate.swift; sourceTree = "<group>"; };
		97726ADB1EF9482C0067BC23 /* ViewController.swift */ = {isa = PBXFileReference; lastKnownFileType = sourcecode.swift; path = ViewController.swift; sourceTree = "<group>"; };
		97726ADE1EF9482C0067BC23 /* Base */ = {isa = PBXFileReference; lastKnownFileType = file.storyboard; name = Base; path = Base.lproj/Main.storyboard; sourceTree = "<group>"; };
		97726AE01EF9482C0067BC23 /* Assets.xcassets */ = {isa = PBXFileReference; lastKnownFileType = folder.assetcatalog; path = Assets.xcassets; sourceTree = "<group>"; };
		97726AE31EF9482C0067BC23 /* Base */ = {isa = PBXFileReference; lastKnownFileType = file.storyboard; name = Base; path = Base.lproj/LaunchScreen.storyboard; sourceTree = "<group>"; };
		97726AE51EF9482C0067BC23 /* Info.plist */ = {isa = PBXFileReference; lastKnownFileType = text.plist.xml; path = Info.plist; sourceTree = "<group>"; };
		97B97D9D1EF98CB000929877 /* Cards.proto */ = {isa = PBXFileReference; fileEncoding = 4; lastKnownFileType = text; path = Cards.proto; sourceTree = "<group>"; };
		97B97D9F1EF98E5200929877 /* Cards.pb.swift */ = {isa = PBXFileReference; fileEncoding = 4; lastKnownFileType = sourcecode.swift; path = Cards.pb.swift; sourceTree = "<group>"; };
		F1C3D2FFF06F40F418A8334D /* Pods-ProtobufDemo.debug.xcconfig */ = {isa = PBXFileReference; includeInIndex = 1; lastKnownFileType = text.xcconfig; name = "Pods-ProtobufDemo.debug.xcconfig"; path = "Pods/Target Support Files/Pods-ProtobufDemo/Pods-ProtobufDemo.debug.xcconfig"; sourceTree = "<group>"; };
		FCABBE26B85616EA053CC665 /* Pods-ProtobufDemo.release.xcconfig */ = {isa = PBXFileReference; includeInIndex = 1; lastKnownFileType = text.xcconfig; name = "Pods-ProtobufDemo.release.xcconfig"; path = "Pods/Target Support Files/Pods-ProtobufDemo/Pods-ProtobufDemo.release.xcconfig"; sourceTree = "<group>"; };
/* End PBXFileReference section */

/* Begin PBXFrameworksBuildPhase section */
		97726AD31EF9482C0067BC23 /* Frameworks */ = {
			isa = PBXFrameworksBuildPhase;
			buildActionMask = 2147483647;
			files = (
				77ABEA8D42BCBC4DBF483B86 /* Pods_ProtobufDemo.framework in Frameworks */,
			);
			runOnlyForDeploymentPostprocessing = 0;
		};
/* End PBXFrameworksBuildPhase section */

/* Begin PBXGroup section */
		4E3736F6F65D4BF37B5C2CCB /* Frameworks */ = {
			isa = PBXGroup;
			children = (
				5E795C9C87FC4C13D0E32EC9 /* Pods_ProtobufDemo.framework */,
			);
			name = Frameworks;
			sourceTree = "<group>";
		};
		80CC0872CA841754E190AB0C /* Pods */ = {
			isa = PBXGroup;
			children = (
				F1C3D2FFF06F40F418A8334D /* Pods-ProtobufDemo.debug.xcconfig */,
				FCABBE26B85616EA053CC665 /* Pods-ProtobufDemo.release.xcconfig */,
			);
			name = Pods;
			sourceTree = "<group>";
		};
		97726ACD1EF9482C0067BC23 = {
			isa = PBXGroup;
			children = (
				97726AD81EF9482C0067BC23 /* ProtobufDemo */,
				97726AD71EF9482C0067BC23 /* Products */,
				80CC0872CA841754E190AB0C /* Pods */,
				4E3736F6F65D4BF37B5C2CCB /* Frameworks */,
			);
			sourceTree = "<group>";
		};
		97726AD71EF9482C0067BC23 /* Products */ = {
			isa = PBXGroup;
			children = (
				97726AD61EF9482C0067BC23 /* ProtobufDemo.app */,
			);
			name = Products;
			sourceTree = "<group>";
		};
		97726AD81EF9482C0067BC23 /* ProtobufDemo */ = {
			isa = PBXGroup;
			children = (
				97726AD91EF9482C0067BC23 /* AppDelegate.swift */,
				97726ADB1EF9482C0067BC23 /* ViewController.swift */,
				97726ADD1EF9482C0067BC23 /* Main.storyboard */,
				97726AE01EF9482C0067BC23 /* Assets.xcassets */,
				97726AE21EF9482C0067BC23 /* LaunchScreen.storyboard */,
				97726AE51EF9482C0067BC23 /* Info.plist */,
				97B97D9D1EF98CB000929877 /* Cards.proto */,
				97B97D9F1EF98E5200929877 /* Cards.pb.swift */,
			);
			path = ProtobufDemo;
			sourceTree = "<group>";
		};
/* End PBXGroup section */

/* Begin PBXNativeTarget section */
		97726AD51EF9482C0067BC23 /* ProtobufDemo */ = {
			isa = PBXNativeTarget;
			buildConfigurationList = 97726AE81EF9482C0067BC23 /* Build configuration list for PBXNativeTarget "ProtobufDemo" */;
			buildPhases = (
				440614A880F80BBC69D62572 /* [CP] Check Pods Manifest.lock */,
				97726AD21EF9482C0067BC23 /* Sources */,
				97726AD31EF9482C0067BC23 /* Frameworks */,
				97726AD41EF9482C0067BC23 /* Resources */,
				70C6D5909325CAC3FAE59E0E /* [CP] Embed Pods Frameworks */,
				1AFF0287CF107027200C8D29 /* [CP] Copy Pods Resources */,
			);
			buildRules = (
			);
			dependencies = (
			);
			name = ProtobufDemo;
			productName = ProtobufDemo;
			productReference = 97726AD61EF9482C0067BC23 /* ProtobufDemo.app */;
			productType = "com.apple.product-type.application";
		};
/* End PBXNativeTarget section */

/* Begin PBXProject section */
		97726ACE1EF9482C0067BC23 /* Project object */ = {
			isa = PBXProject;
			attributes = {
				LastSwiftUpdateCheck = 0830;
				LastUpgradeCheck = 0830;
				ORGANIZATIONNAME = Mobishape;
				TargetAttributes = {
					97726AD51EF9482C0067BC23 = {
						CreatedOnToolsVersion = 8.3.2;
						ProvisioningStyle = Automatic;
					};
				};
			};
			buildConfigurationList = 97726AD11EF9482C0067BC23 /* Build configuration list for PBXProject "ProtobufDemo" */;
			compatibilityVersion = "Xcode 3.2";
			developmentRegion = English;
			hasScannedForEncodings = 0;
			knownRegions = (
				en,
				Base,
			);
			mainGroup = 97726ACD1EF9482C0067BC23;
			productRefGroup = 97726AD71EF9482C0067BC23 /* Products */;
			projectDirPath = "";
			projectRoot = "";
			targets = (
				97726AD51EF9482C0067BC23 /* ProtobufDemo */,
			);
		};
/* End PBXProject section */

/* Begin PBXResourcesBuildPhase section */
		97726AD41EF9482C0067BC23 /* Resources */ = {
			isa = PBXResourcesBuildPhase;
			buildActionMask = 2147483647;
			files = (
				97726AE41EF9482C0067BC23 /* LaunchScreen.storyboard in Resources */,
				97726AE11EF9482C0067BC23 /* Assets.xcassets in Resources */,
				97B97D9E1EF98CB000929877 /* Cards.proto in Resources */,
				97726ADF1EF9482C0067BC23 /* Main.storyboard in Resources */,
			);
			runOnlyForDeploymentPostprocessing = 0;
		};
/* End PBXResourcesBuildPhase section */

/* Begin PBXShellScriptBuildPhase section */
		1AFF0287CF107027200C8D29 /* [CP] Copy Pods Resources */ = {
			isa = PBXShellScriptBuildPhase;
			buildActionMask = 2147483647;
			files = (
			);
			inputPaths = (
			);
			name = "[CP] Copy Pods Resources";
			outputPaths = (
			);
			runOnlyForDeploymentPostprocessing = 0;
			shellPath = /bin/sh;
			shellScript = "\"${SRCROOT}/Pods/Target Support Files/Pods-ProtobufDemo/Pods-ProtobufDemo-resources.sh\"\n";
			showEnvVarsInLog = 0;
		};
		440614A880F80BBC69D62572 /* [CP] Check Pods Manifest.lock */ = {
			isa = PBXShellScriptBuildPhase;
			buildActionMask = 2147483647;
			files = (
			);
			inputPaths = (
			);
			name = "[CP] Check Pods Manifest.lock";
			outputPaths = (
			);
			runOnlyForDeploymentPostprocessing = 0;
			shellPath = /bin/sh;
			shellScript = "diff \"${PODS_ROOT}/../Podfile.lock\" \"${PODS_ROOT}/Manifest.lock\" > /dev/null\nif [ $? != 0 ] ; then\n    # print error to STDERR\n    echo \"error: The sandbox is not in sync with the Podfile.lock. Run 'pod install' or update your CocoaPods installation.\" >&2\n    exit 1\nfi\n";
			showEnvVarsInLog = 0;
		};
		70C6D5909325CAC3FAE59E0E /* [CP] Embed Pods Frameworks */ = {
			isa = PBXShellScriptBuildPhase;
			buildActionMask = 2147483647;
			files = (
			);
			inputPaths = (
			);
			name = "[CP] Embed Pods Frameworks";
			outputPaths = (
			);
			runOnlyForDeploymentPostprocessing = 0;
			shellPath = /bin/sh;
			shellScript = "\"${SRCROOT}/Pods/Target Support Files/Pods-ProtobufDemo/Pods-ProtobufDemo-frameworks.sh\"\n";
			showEnvVarsInLog = 0;
		};
/* End PBXShellScriptBuildPhase section */

/* Begin PBXSourcesBuildPhase section */
		97726AD21EF9482C0067BC23 /* Sources */ = {
			isa = PBXSourcesBuildPhase;
			buildActionMask = 2147483647;
			files = (
				97B97DA01EF98E5200929877 /* Cards.pb.swift in Sources */,
				97726ADC1EF9482C0067BC23 /* ViewController.swift in Sources */,
				97726ADA1EF9482C0067BC23 /* AppDelegate.swift in Sources */,
			);
			runOnlyForDeploymentPostprocessing = 0;
		};
/* End PBXSourcesBuildPhase section */

/* Begin PBXVariantGroup section */
		97726ADD1EF9482C0067BC23 /* Main.storyboard */ = {
			isa = PBXVariantGroup;
			children = (
				97726ADE1EF9482C0067BC23 /* Base */,
			);
			name = Main.storyboard;
			sourceTree = "<group>";
		};
		97726AE21EF9482C0067BC23 /* LaunchScreen.storyboard */ = {
			isa = PBXVariantGroup;
			children = (
				97726AE31EF9482C0067BC23 /* Base */,
			);
			name = LaunchScreen.storyboard;
			sourceTree = "<group>";
		};
/* End PBXVariantGroup section */

/* Begin XCBuildConfiguration section */
		97726AE61EF9482C0067BC23 /* Debug */ = {
			isa = XCBuildConfiguration;
			buildSettings = {
				ALWAYS_SEARCH_USER_PATHS = NO;
				CLANG_ANALYZER_NONNULL = YES;
				CLANG_ANALYZER_NUMBER_OBJECT_CONVERSION = YES_AGGRESSIVE;
				CLANG_CXX_LANGUAGE_STANDARD = "gnu++0x";
				CLANG_CXX_LIBRARY = "libc++";
				CLANG_ENABLE_MODULES = YES;
				CLANG_ENABLE_OBJC_ARC = YES;
				CLANG_WARN_BOOL_CONVERSION = YES;
				CLANG_WARN_CONSTANT_CONVERSION = YES;
				CLANG_WARN_DIRECT_OBJC_ISA_USAGE = YES_ERROR;
				CLANG_WARN_DOCUMENTATION_COMMENTS = YES;
				CLANG_WARN_EMPTY_BODY = YES;
				CLANG_WARN_ENUM_CONVERSION = YES;
				CLANG_WARN_INFINITE_RECURSION = YES;
				CLANG_WARN_INT_CONVERSION = YES;
				CLANG_WARN_OBJC_ROOT_CLASS = YES_ERROR;
				CLANG_WARN_SUSPICIOUS_MOVE = YES;
				CLANG_WARN_UNREACHABLE_CODE = YES;
				CLANG_WARN__DUPLICATE_METHOD_MATCH = YES;
				"CODE_SIGN_IDENTITY[sdk=iphoneos*]" = "iPhone Developer";
				COPY_PHASE_STRIP = NO;
				DEBUG_INFORMATION_FORMAT = dwarf;
				ENABLE_STRICT_OBJC_MSGSEND = YES;
				ENABLE_TESTABILITY = YES;
				GCC_C_LANGUAGE_STANDARD = gnu99;
				GCC_DYNAMIC_NO_PIC = NO;
				GCC_NO_COMMON_BLOCKS = YES;
				GCC_OPTIMIZATION_LEVEL = 0;
				GCC_PREPROCESSOR_DEFINITIONS = (
					"DEBUG=1",
					"$(inherited)",
				);
				GCC_WARN_64_TO_32_BIT_CONVERSION = YES;
				GCC_WARN_ABOUT_RETURN_TYPE = YES_ERROR;
				GCC_WARN_UNDECLARED_SELECTOR = YES;
				GCC_WARN_UNINITIALIZED_AUTOS = YES_AGGRESSIVE;
				GCC_WARN_UNUSED_FUNCTION = YES;
				GCC_WARN_UNUSED_VARIABLE = YES;
				IPHONEOS_DEPLOYMENT_TARGET = 10.3;
				MTL_ENABLE_DEBUG_INFO = YES;
				ONLY_ACTIVE_ARCH = YES;
				SDKROOT = iphoneos;
				SWIFT_ACTIVE_COMPILATION_CONDITIONS = DEBUG;
				SWIFT_OPTIMIZATION_LEVEL = "-Onone";
				TARGETED_DEVICE_FAMILY = "1,2";
			};
			name = Debug;
		};
		97726AE71EF9482C0067BC23 /* Release */ = {
			isa = XCBuildConfiguration;
			buildSettings = {
				ALWAYS_SEARCH_USER_PATHS = NO;
				CLANG_ANALYZER_NONNULL = YES;
				CLANG_ANALYZER_NUMBER_OBJECT_CONVERSION = YES_AGGRESSIVE;
				CLANG_CXX_LANGUAGE_STANDARD = "gnu++0x";
				CLANG_CXX_LIBRARY = "libc++";
				CLANG_ENABLE_MODULES = YES;
				CLANG_ENABLE_OBJC_ARC = YES;
				CLANG_WARN_BOOL_CONVERSION = YES;
				CLANG_WARN_CONSTANT_CONVERSION = YES;
				CLANG_WARN_DIRECT_OBJC_ISA_USAGE = YES_ERROR;
				CLANG_WARN_DOCUMENTATION_COMMENTS = YES;
				CLANG_WARN_EMPTY_BODY = YES;
				CLANG_WARN_ENUM_CONVERSION = YES;
				CLANG_WARN_INFINITE_RECURSION = YES;
				CLANG_WARN_INT_CONVERSION = YES;
				CLANG_WARN_OBJC_ROOT_CLASS = YES_ERROR;
				CLANG_WARN_SUSPICIOUS_MOVE = YES;
				CLANG_WARN_UNREACHABLE_CODE = YES;
				CLANG_WARN__DUPLICATE_METHOD_MATCH = YES;
				"CODE_SIGN_IDENTITY[sdk=iphoneos*]" = "iPhone Developer";
				COPY_PHASE_STRIP = NO;
				DEBUG_INFORMATION_FORMAT = "dwarf-with-dsym";
				ENABLE_NS_ASSERTIONS = NO;
				ENABLE_STRICT_OBJC_MSGSEND = YES;
				GCC_C_LANGUAGE_STANDARD = gnu99;
				GCC_NO_COMMON_BLOCKS = YES;
				GCC_WARN_64_TO_32_BIT_CONVERSION = YES;
				GCC_WARN_ABOUT_RETURN_TYPE = YES_ERROR;
				GCC_WARN_UNDECLARED_SELECTOR = YES;
				GCC_WARN_UNINITIALIZED_AUTOS = YES_AGGRESSIVE;
				GCC_WARN_UNUSED_FUNCTION = YES;
				GCC_WARN_UNUSED_VARIABLE = YES;
				IPHONEOS_DEPLOYMENT_TARGET = 10.3;
				MTL_ENABLE_DEBUG_INFO = NO;
				SDKROOT = iphoneos;
				SWIFT_OPTIMIZATION_LEVEL = "-Owholemodule";
				TARGETED_DEVICE_FAMILY = "1,2";
				VALIDATE_PRODUCT = YES;
			};
			name = Release;
		};
		97726AE91EF9482C0067BC23 /* Debug */ = {
			isa = XCBuildConfiguration;
			baseConfigurationReference = F1C3D2FFF06F40F418A8334D /* Pods-ProtobufDemo.debug.xcconfig */;
			buildSettings = {
				ASSETCATALOG_COMPILER_APPICON_NAME = AppIcon;
				INFOPLIST_FILE = ProtobufDemo/Info.plist;
				LD_RUNPATH_SEARCH_PATHS = "$(inherited) @executable_path/Frameworks";
				PRODUCT_BUNDLE_IDENTIFIER = com.mobishape.ProtobufDemo;
				PRODUCT_NAME = "$(TARGET_NAME)";
				SWIFT_VERSION = 3.0;
			};
			name = Debug;
		};
		97726AEA1EF9482C0067BC23 /* Release */ = {
			isa = XCBuildConfiguration;
			baseConfigurationReference = FCABBE26B85616EA053CC665 /* Pods-ProtobufDemo.release.xcconfig */;
			buildSettings = {
				ASSETCATALOG_COMPILER_APPICON_NAME = AppIcon;
				INFOPLIST_FILE = ProtobufDemo/Info.plist;
				LD_RUNPATH_SEARCH_PATHS = "$(inherited) @executable_path/Frameworks";
				PRODUCT_BUNDLE_IDENTIFIER = com.mobishape.ProtobufDemo;
				PRODUCT_NAME = "$(TARGET_NAME)";
				SWIFT_VERSION = 3.0;
			};
			name = Release;
		};
/* End XCBuildConfiguration section */

/* Begin XCConfigurationList section */
		97726AD11EF9482C0067BC23 /* Build configuration list for PBXProject "ProtobufDemo" */ = {
			isa = XCConfigurationList;
			buildConfigurations = (
				97726AE61EF9482C0067BC23 /* Debug */,
				97726AE71EF9482C0067BC23 /* Release */,
			);
			defaultConfigurationIsVisible = 0;
			defaultConfigurationName = Release;
		};
		97726AE81EF9482C0067BC23 /* Build configuration list for PBXNativeTarget "ProtobufDemo" */ = {
			isa = XCConfigurationList;
			buildConfigurations = (
				97726AE91EF9482C0067BC23 /* Debug */,
				97726AEA1EF9482C0067BC23 /* Release */,
			);
			defaultConfigurationIsVisible = 0;
			defaultConfigurationName = Release;
		};
/* End XCConfigurationList section */
	};
	rootObject = 97726ACE1EF9482C0067BC23 /* Project object */;
}
